
Microsoft Visual Studio Solution File, Format Version 12.00
# Visual Studio Version 16
VisualStudioVersion = 16.0.30907.101
MinimumVisualStudioVersion = 10.0.40219.1
Project("{FAE04EC0-301F-11D3-BF4B-00C04F79EFBC}") = "DataAccess", "DataAccess\DataAccess.csproj", "{13F1F660-AD03-4FB2-88E8-E860A113807E}"
EndProject
Project("{FAE04EC0-301F-11D3-BF4B-00C04F79EFBC}") = "Business", "Business\Business.csproj", "{19545F76-38E2-4338-8C54-E4ADE6F67332}"
EndProject
Project("{FAE04EC0-301F-11D3-BF4B-00C04F79EFBC}") = "Entities", "Entities\Entities.csproj", "{109332EE-99D9-41F7-9210-86775B0C9448}"
EndProject
Project("{FAE04EC0-301F-11D3-BF4B-00C04F79EFBC}") = "ConsoleUI", "ConsoleUI\ConsoleUI.csproj", "{80E079D9-B8FA-41D5-87B3-2532A6024912}"
EndProject
Global
	GlobalSection(SolutionConfigurationPlatforms) = preSolution
		Debug|Any CPU = Debug|Any CPU
		Release|Any CPU = Release|Any CPU
	EndGlobalSection
	GlobalSection(ProjectConfigurationPlatforms) = postSolution
		{13F1F660-AD03-4FB2-88E8-E860A113807E}.Debug|Any CPU.ActiveCfg = Debug|Any CPU
		{13F1F660-AD03-4FB2-88E8-E860A113807E}.Debug|Any CPU.Build.0 = Debug|Any CPU
		{13F1F660-AD03-4FB2-88E8-E860A113807E}.Release|Any CPU.ActiveCfg = Release|Any CPU
		{13F1F660-AD03-4FB2-88E8-E860A113807E}.Release|Any CPU.Build.0 = Release|Any CPU
		{19545F76-38E2-4338-8C54-E4ADE6F67332}.Debug|Any CPU.ActiveCfg = Debug|Any CPU
		{19545F76-38E2-4338-8C54-E4ADE6F67332}.Debug|Any CPU.Build.0 = Debug|Any CPU
		{19545F76-38E2-4338-8C54-E4ADE6F67332}.Release|Any CPU.ActiveCfg = Release|Any CPU
		{19545F76-38E2-4338-8C54-E4ADE6F67332}.Release|Any CPU.Build.0 = Release|Any CPU
		{109332EE-99D9-41F7-9210-86775B0C9448}.Debug|Any CPU.ActiveCfg = Debug|Any CPU
		{109332EE-99D9-41F7-9210-86775B0C9448}.Debug|Any CPU.Build.0 = Debug|Any CPU
		{109332EE-99D9-41F7-9210-86775B0C9448}.Release|Any CPU.ActiveCfg = Release|Any CPU
		{109332EE-99D9-41F7-9210-86775B0C9448}.Release|Any CPU.Build.0 = Release|Any CPU
		{80E079D9-B8FA-41D5-87B3-2532A6024912}.Debug|Any CPU.ActiveCfg = Debug|Any CPU
		{80E079D9-B8FA-41D5-87B3-2532A6024912}.Debug|Any CPU.Build.0 = Debug|Any CPU
		{80E079D9-B8FA-41D5-87B3-2532A6024912}.Release|Any CPU.ActiveCfg = Release|Any CPU
		{80E079D9-B8FA-41D5-87B3-2532A6024912}.Release|Any CPU.Build.0 = Release|Any CPU
	EndGlobalSection
	GlobalSection(SolutionProperties) = preSolution
		HideSolutionNode = FALSE
	EndGlobalSection
	GlobalSection(ExtensibilityGlobals) = postSolution
		SolutionGuid = {8445CF4D-005B-4D35-80ED-64EBF4073664}
	EndGlobalSection
EndGlobal
